
Microsoft Visual Studio Solution File, Format Version 12.00
# Visual Studio Version 17
VisualStudioVersion = 17.8.34525.116
MinimumVisualStudioVersion = 10.0.40219.1
Project("{FAE04EC0-301F-11D3-BF4B-00C04F79EFBC}") = "Northwind.Api", "Northwind.Api\Northwind.Api.csproj", "{E709AD01-584C-47E1-9344-949A2BB87C90}"
EndProject
Project("{FAE04EC0-301F-11D3-BF4B-00C04F79EFBC}") = "Northwind.Persistance", "Northwind.Persistance\Northwind.Persistance.csproj", "{C5282F42-D11C-4B49-A6D7-7C3893719F40}"
EndProject
Global
	GlobalSection(SolutionConfigurationPlatforms) = preSolution
		Debug|Any CPU = Debug|Any CPU
		Release|Any CPU = Release|Any CPU
	EndGlobalSection
	GlobalSection(ProjectConfigurationPlatforms) = postSolution
		{E709AD01-584C-47E1-9344-949A2BB87C90}.Debug|Any CPU.ActiveCfg = Debug|Any CPU
		{E709AD01-584C-47E1-9344-949A2BB87C90}.Debug|Any CPU.Build.0 = Debug|Any CPU
		{E709AD01-584C-47E1-9344-949A2BB87C90}.Release|Any CPU.ActiveCfg = Release|Any CPU
		{E709AD01-584C-47E1-9344-949A2BB87C90}.Release|Any CPU.Build.0 = Release|Any CPU
		{C5282F42-D11C-4B49-A6D7-7C3893719F40}.Debug|Any CPU.ActiveCfg = Debug|Any CPU
		{C5282F42-D11C-4B49-A6D7-7C3893719F40}.Debug|Any CPU.Build.0 = Debug|Any CPU
		{C5282F42-D11C-4B49-A6D7-7C3893719F40}.Release|Any CPU.ActiveCfg = Release|Any CPU
		{C5282F42-D11C-4B49-A6D7-7C3893719F40}.Release|Any CPU.Build.0 = Release|Any CPU
	EndGlobalSection
	GlobalSection(SolutionProperties) = preSolution
		HideSolutionNode = FALSE
	EndGlobalSection
	GlobalSection(ExtensibilityGlobals) = postSolution
		SolutionGuid = {C0DDDCD3-8BD5-432A-9C58-97CB42CD6E96}
	EndGlobalSection
EndGlobal
